<?xml version="1.0" encoding="utf-8"?>
<Project ToolsVersion="4.0" xmlns="http://schemas.microsoft.com/developer/msbuild/2003">
  <ItemGroup>
    <ClInclude Include="XbSymbolDatabase.h">
      <Filter>Header Files</Filter>
    </ClInclude>
    <ClInclude Include="OOVPA.h">
      <Filter>Header Files</Filter>
    </ClInclude>
    <ClInclude Include="Xbe.h">
      <Filter>Header Files</Filter>
    </ClInclude>
  </ItemGroup>
  <ItemGroup>
    <None Include="OOVPADatabase\D3D8\3911.inl">
      <Filter>OOVPA Database\D3D8</Filter>
    </None>
    <None Include="OOVPADatabase\D3D8\3925.inl">
      <Filter>OOVPA Database\D3D8</Filter>
    </None>
    <None Include="OOVPADatabase\D3D8\3947.inl">
      <Filter>OOVPA Database\D3D8</Filter>
    </None>
    <None Include="OOVPADatabase\D3D8\4034.inl">
      <Filter>OOVPA Database\D3D8</Filter>
    </None>
    <None Include="OOVPADatabase\D3D8\4039.inl">
      <Filter>OOVPA Database\D3D8</Filter>
    </None>
    <None Include="OOVPADatabase\D3D8\4134.inl">
      <Filter>OOVPA Database\D3D8</Filter>
    </None>
    <None Include="OOVPADatabase\D3D8\4242.inl">
      <Filter>OOVPA Database\D3D8</Filter>
    </None>
    <None Include="OOVPADatabase\D3D8\4361.inl">
      <Filter>OOVPA Database\D3D8</Filter>
    </None>
    <None Include="OOVPADatabase\D3D8\4432.inl">
      <Filter>OOVPA Database\D3D8</Filter>
    </None>
    <None Include="OOVPADatabase\D3D8\4531.inl">
      <Filter>OOVPA Database\D3D8</Filter>
    </None>
    <None Include="OOVPADatabase\D3D8\4627.inl">
      <Filter>OOVPA Database\D3D8</Filter>
    </None>
    <None Include="OOVPADatabase\D3D8\4831.inl">
      <Filter>OOVPA Database\D3D8</Filter>
    </None>
    <None Include="OOVPADatabase\D3D8\4928.inl">
      <Filter>OOVPA Database\D3D8</Filter>
    </None>
    <None Include="OOVPADatabase\D3D8\5028.inl">
      <Filter>OOVPA Database\D3D8</Filter>
    </None>
    <None Include="OOVPADatabase\D3D8\5120.inl">
      <Filter>OOVPA Database\D3D8</Filter>
    </None>
    <None Include="OOVPADatabase\D3D8\5233.inl">
      <Filter>OOVPA Database\D3D8</Filter>
    </None>
    <None Include="OOVPADatabase\D3D8\5344.inl">
      <Filter>OOVPA Database\D3D8</Filter>
    </None>
    <None Include="OOVPADatabase\D3D8\5455.inl">
      <Filter>OOVPA Database\D3D8</Filter>
    </None>
    <None Include="OOVPADatabase\D3D8\5558.inl">
      <Filter>OOVPA Database\D3D8</Filter>
    </None>
    <None Include="OOVPADatabase\D3D8\5788.inl">
      <Filter>OOVPA Database\D3D8</Filter>
    </None>
    <None Include="OOVPADatabase\D3D8\5849.inl">
      <Filter>OOVPA Database\D3D8</Filter>
    </None>
    <None Include="OOVPADatabase\D3D8_OOVPA.inl">
      <Filter>OOVPA Database\D3D8</Filter>
    </None>
    <None Include="OOVPADatabase\D3D8LTCG_OOVPA.inl">
      <Filter>OOVPA Database\D3D8LTCG</Filter>
    </None>
    <None Include="OOVPADatabase\D3D8LTCG\3911.inl">
      <Filter>OOVPA Database\D3D8LTCG</Filter>
    </None>
    <None Include="OOVPADatabase\D3D8LTCG\4039.inl">
      <Filter>OOVPA Database\D3D8LTCG</Filter>
    </None>
    <None Include="OOVPADatabase\D3D8LTCG\4432.inl">
      <Filter>OOVPA Database\D3D8LTCG</Filter>
    </None>
    <None Include="OOVPADatabase\D3D8LTCG\4531.inl">
      <Filter>OOVPA Database\D3D8LTCG</Filter>
    </None>
    <None Include="OOVPADatabase\D3D8LTCG\4627.inl">
      <Filter>OOVPA Database\D3D8LTCG</Filter>
    </None>
    <None Include="OOVPADatabase\D3D8LTCG\4721.inl">
      <Filter>OOVPA Database\D3D8LTCG</Filter>
    </None>
    <None Include="OOVPADatabase\D3D8LTCG\4928.inl">
      <Filter>OOVPA Database\D3D8LTCG</Filter>
    </None>
    <None Include="OOVPADatabase\D3D8LTCG\5028.inl">
      <Filter>OOVPA Database\D3D8LTCG</Filter>
    </None>
    <None Include="OOVPADatabase\D3D8LTCG\5120.inl">
      <Filter>OOVPA Database\D3D8LTCG</Filter>
    </None>
    <None Include="OOVPADatabase\D3D8LTCG\5233.inl">
      <Filter>OOVPA Database\D3D8LTCG</Filter>
    </None>
    <None Include="OOVPADatabase\D3D8LTCG\5344.inl">
      <Filter>OOVPA Database\D3D8LTCG</Filter>
    </None>
    <None Include="OOVPADatabase\D3D8LTCG\5455.inl">
      <Filter>OOVPA Database\D3D8LTCG</Filter>
    </None>
    <None Include="OOVPADatabase\D3D8LTCG\5788.inl">
      <Filter>OOVPA Database\D3D8LTCG</Filter>
    </None>
    <None Include="OOVPADatabase\D3D8LTCG\5849.inl">
      <Filter>OOVPA Database\D3D8LTCG</Filter>
    </None>
    <None Include="OOVPADatabase\DSound\3911.inl">
      <Filter>OOVPA Database\DSound</Filter>
    </None>
    <None Include="OOVPADatabase\DSound\3936.inl">
      <Filter>OOVPA Database\DSound</Filter>
    </None>
    <None Include="OOVPADatabase\DSound\4039.inl">
      <Filter>OOVPA Database\DSound</Filter>
    </None>
    <None Include="OOVPADatabase\DSound\4134.inl">
      <Filter>OOVPA Database\DSound</Filter>
    </None>
    <None Include="OOVPADatabase\DSound\4242.inl">
      <Filter>OOVPA Database\DSound</Filter>
    </None>
    <None Include="OOVPADatabase\DSound\4361.inl">
      <Filter>OOVPA Database\DSound</Filter>
    </None>
    <None Include="OOVPADatabase\DSound\4432.inl">
      <Filter>OOVPA Database\DSound</Filter>
    </None>
    <None Include="OOVPADatabase\DSound\4531.inl">
      <Filter>OOVPA Database\DSound</Filter>
    </None>
    <None Include="OOVPADatabase\DSound\4627.inl">
      <Filter>OOVPA Database\DSound</Filter>
    </None>
    <None Include="OOVPADatabase\DSound\4721.inl">
      <Filter>OOVPA Database\DSound</Filter>
    </None>
    <None Include="OOVPADatabase\DSound\4831.inl">
      <Filter>OOVPA Database\DSound</Filter>
    </None>
    <None Include="OOVPADatabase\DSound\5028.inl">
      <Filter>OOVPA Database\DSound</Filter>
    </None>
    <None Include="OOVPADatabase\DSound\5233.inl">
      <Filter>OOVPA Database\DSound</Filter>
    </None>
    <None Include="OOVPADatabase\DSound\5344.inl">
      <Filter>OOVPA Database\DSound</Filter>
    </None>
    <None Include="OOVPADatabase\DSound\5455.inl">
      <Filter>OOVPA Database\DSound</Filter>
    </None>
    <None Include="OOVPADatabase\DSound\5558.inl">
      <Filter>OOVPA Database\DSound</Filter>
    </None>
    <None Include="OOVPADatabase\DSound_OOVPA.inl">
      <Filter>OOVPA Database\DSound</Filter>
    </None>
    <None Include="OOVPADatabase\XActEng\4627.inl">
      <Filter>OOVPA Database\XActEng</Filter>
    </None>
    <None Include="OOVPADatabase\XActEng\4928.inl">
      <Filter>OOVPA Database\XActEng</Filter>
    </None>
    <None Include="OOVPADatabase\XActEng\5120.inl">
      <Filter>OOVPA Database\XActEng</Filter>
    </None>
    <None Include="OOVPADatabase\XActEng\5233.inl">
      <Filter>OOVPA Database\XActEng</Filter>
    </None>
    <None Include="OOVPADatabase\XActEng\5344.inl">
      <Filter>OOVPA Database\XActEng</Filter>
    </None>
    <None Include="OOVPADatabase\XActEng\5558.inl">
      <Filter>OOVPA Database\XActEng</Filter>
    </None>
    <None Include="OOVPADatabase\XActEng_OOVPA.inl">
      <Filter>OOVPA Database\XActEng</Filter>
    </None>
    <None Include="OOVPADatabase\Xapi\3911.inl">
      <Filter>OOVPA Database\Xapi</Filter>
    </None>
    <None Include="OOVPADatabase\Xapi\3950.inl">
      <Filter>OOVPA Database\Xapi</Filter>
    </None>
    <None Include="OOVPADatabase\Xapi\4039.inl">
      <Filter>OOVPA Database\Xapi</Filter>
    </None>
    <None Include="OOVPADatabase\Xapi\4134.inl">
      <Filter>OOVPA Database\Xapi</Filter>
    </None>
    <None Include="OOVPADatabase\Xapi\4242.inl">
      <Filter>OOVPA Database\Xapi</Filter>
    </None>
    <None Include="OOVPADatabase\Xapi\4361.inl">
      <Filter>OOVPA Database\Xapi</Filter>
    </None>
    <None Include="OOVPADatabase\Xapi\4432.inl">
      <Filter>OOVPA Database\Xapi</Filter>
    </None>
    <None Include="OOVPADatabase\Xapi\4721.inl">
      <Filter>OOVPA Database\Xapi</Filter>
    </None>
    <None Include="OOVPADatabase\Xapi\4831.inl">
      <Filter>OOVPA Database\Xapi</Filter>
    </None>
    <None Include="OOVPADatabase\Xapi\5028.inl">
      <Filter>OOVPA Database\Xapi</Filter>
    </None>
    <None Include="OOVPADatabase\Xapi\5120.inl">
      <Filter>OOVPA Database\Xapi</Filter>
    </None>
    <None Include="OOVPADatabase\Xapi\5344.inl">
      <Filter>OOVPA Database\Xapi</Filter>
    </None>
    <None Include="OOVPADatabase\Xapi\5455.inl">
      <Filter>OOVPA Database\Xapi</Filter>
    </None>
    <None Include="OOVPADatabase\Xapi\5788.inl">
      <Filter>OOVPA Database\Xapi</Filter>
    </None>
    <None Include="OOVPADatabase\Xapi_OOVPA.inl">
      <Filter>OOVPA Database\Xapi</Filter>
    </None>
    <None Include="OOVPADatabase\XGraphic\3911.inl">
      <Filter>OOVPA Database\XGraphic</Filter>
    </None>
    <None Include="OOVPADatabase\XGraphic\4134.inl">
      <Filter>OOVPA Database\XGraphic</Filter>
    </None>
    <None Include="OOVPADatabase\XGraphic\4361.inl">
      <Filter>OOVPA Database\XGraphic</Filter>
    </None>
    <None Include="OOVPADatabase\XGraphic_OOVPA.inl">
      <Filter>OOVPA Database\XGraphic</Filter>
    </None>
    <None Include="OOVPADatabase\XNet\3911.inl">
      <Filter>OOVPA Database\XNet</Filter>
    </None>
    <None Include="OOVPADatabase\XNet\4361.inl">
      <Filter>OOVPA Database\XNet</Filter>
    </None>
    <None Include="OOVPADatabase\XNet\4627.inl">
      <Filter>OOVPA Database\XNet</Filter>
    </None>
    <None Include="OOVPADatabase\XNet\5120.inl">
      <Filter>OOVPA Database\XNet</Filter>
    </None>
    <None Include="OOVPADatabase\XNet\5455.inl">
      <Filter>OOVPA Database\XNet</Filter>
    </None>
    <None Include="OOVPADatabase\XNet_OOVPA.inl">
      <Filter>OOVPA Database\XNet</Filter>
    </None>
    <None Include="OOVPADatabase\XOnline\4361.inl">
      <Filter>OOVPA Database\XOnline</Filter>
    </None>
    <None Include="OOVPADatabase\XOnline\4627.inl">
      <Filter>OOVPA Database\XOnline</Filter>
    </None>
    <None Include="OOVPADatabase\XOnline\4831.inl">
      <Filter>OOVPA Database\XOnline</Filter>
    </None>
    <None Include="OOVPADatabase\XOnline\5028.inl">
      <Filter>OOVPA Database\XOnline</Filter>
    </None>
    <None Include="OOVPADatabase\XOnline\5455.inl">
      <Filter>OOVPA Database\XOnline</Filter>
    </None>
    <None Include="OOVPADatabase\XOnline\5558.inl">
      <Filter>OOVPA Database\XOnline</Filter>
    </None>
    <None Include="OOVPADatabase\XOnline\5659.inl">
      <Filter>OOVPA Database\XOnline</Filter>
    </None>
    <None Include="OOVPADatabase\XOnline\5788.inl">
      <Filter>OOVPA Database\XOnline</Filter>
    </None>
    <None Include="OOVPADatabase\XOnline\5849.inl">
      <Filter>OOVPA Database\XOnline</Filter>
    </None>
    <None Include="OOVPADatabase\XOnline_OOVPA.inl">
      <Filter>OOVPA Database\XOnline</Filter>
    </None>
    <None Include="OOVPADatabase\JVS\4831.inl">
      <Filter>OOVPA Database\JVS</Filter>
    </None>
  </ItemGroup>
  <ItemGroup>
    <Filter Include="Header Files">
      <UniqueIdentifier>{25fc26ba-5faa-427c-a51b-a82a80be989d}</UniqueIdentifier>
    </Filter>
    <Filter Include="Source Files">
      <UniqueIdentifier>{ed283cce-683b-47d7-b238-de22437271f1}</UniqueIdentifier>
    </Filter>
    <Filter Include="OOVPA Database">
      <UniqueIdentifier>{56a023d8-fa4b-4bc4-9287-48da5118d82f}</UniqueIdentifier>
    </Filter>
    <Filter Include="OOVPA Database\D3D8">
      <UniqueIdentifier>{12a8e65f-e9a0-41d6-9ed3-3fb2e4fc30b3}</UniqueIdentifier>
    </Filter>
    <Filter Include="OOVPA Database\D3D8LTCG">
      <UniqueIdentifier>{87dc9284-725a-4877-8412-afb83ce0214e}</UniqueIdentifier>
    </Filter>
    <Filter Include="OOVPA Database\DSound">
      <UniqueIdentifier>{fb87286c-c0bb-46dc-b8a3-eba56f6e41a3}</UniqueIdentifier>
    </Filter>
    <Filter Include="OOVPA Database\XActEng">
      <UniqueIdentifier>{11a54236-3765-4bac-994b-46b27da022da}</UniqueIdentifier>
    </Filter>
    <Filter Include="OOVPA Database\Xapi">
      <UniqueIdentifier>{555b6242-f9a9-4968-a935-23cae6eed84d}</UniqueIdentifier>
    </Filter>
    <Filter Include="OOVPA Database\XGraphic">
      <UniqueIdentifier>{9d98c3cb-67c2-438f-bb38-937efd24e3d1}</UniqueIdentifier>
    </Filter>
    <Filter Include="OOVPA Database\XNet">
      <UniqueIdentifier>{7df13290-2e29-4939-93ae-e20dfa78fe5a}</UniqueIdentifier>
    </Filter>
    <Filter Include="OOVPA Database\XOnline">
      <UniqueIdentifier>{fa4535f4-20eb-4da2-b688-00c8e3a0da8e}</UniqueIdentifier>
    <Filter Include="OOVPA Database\JVS">
      <UniqueIdentifier>{4a4535f4-20eb-4da2-b688-00c8e3a0da8e}</UniqueIdentifier>
    </Filter>
  </ItemGroup>
  <ItemGroup>
    <ClCompile Include="XbSymbolDatabase.c">
      <Filter>Source Files</Filter>
    </ClCompile>
  </ItemGroup>
</Project>